
Microsoft Visual Studio Solution File, Format Version 12.00
# Visual Studio 15
VisualStudioVersion = 15.0.26730.12
MinimumVisualStudioVersion = 10.0.40219.1
Project("{FAE04EC0-301F-11D3-BF4B-00C04F79EFBC}") = "EmployeeDataManager", "EmployeeDataManager\EmployeeDataManager.csproj", "{2C4B9FCB-C3F3-427B-9A3F-46703F3EC1BD}"
EndProject
Project("{FAE04EC0-301F-11D3-BF4B-00C04F79EFBC}") = "API.Tests", "API.Tests\API.Tests.csproj", "{039A2466-D9B1-49B6-9F54-AEA535CF1B09}"
EndProject
Global
	GlobalSection(SolutionConfigurationPlatforms) = preSolution
		Debug|Any CPU = Debug|Any CPU
		Release|Any CPU = Release|Any CPU
	EndGlobalSection
	GlobalSection(ProjectConfigurationPlatforms) = postSolution
		{2C4B9FCB-C3F3-427B-9A3F-46703F3EC1BD}.Debug|Any CPU.ActiveCfg = Debug|Any CPU
		{2C4B9FCB-C3F3-427B-9A3F-46703F3EC1BD}.Debug|Any CPU.Build.0 = Debug|Any CPU
		{2C4B9FCB-C3F3-427B-9A3F-46703F3EC1BD}.Release|Any CPU.ActiveCfg = Release|Any CPU
		{2C4B9FCB-C3F3-427B-9A3F-46703F3EC1BD}.Release|Any CPU.Build.0 = Release|Any CPU
		{039A2466-D9B1-49B6-9F54-AEA535CF1B09}.Debug|Any CPU.ActiveCfg = Debug|Any CPU
		{039A2466-D9B1-49B6-9F54-AEA535CF1B09}.Debug|Any CPU.Build.0 = Debug|Any CPU
		{039A2466-D9B1-49B6-9F54-AEA535CF1B09}.Release|Any CPU.ActiveCfg = Release|Any CPU
		{039A2466-D9B1-49B6-9F54-AEA535CF1B09}.Release|Any CPU.Build.0 = Release|Any CPU
	EndGlobalSection
	GlobalSection(SolutionProperties) = preSolution
		HideSolutionNode = FALSE
	EndGlobalSection
	GlobalSection(ExtensibilityGlobals) = postSolution
		SolutionGuid = {CEBA23D0-AA93-44C4-9A3A-45BC79902D99}
	EndGlobalSection
EndGlobal
